
Microsoft Visual Studio Solution File, Format Version 12.00
# Visual Studio Version 17
VisualStudioVersion = 17.0.32014.148
MinimumVisualStudioVersion = 10.0.40219.1
Project("{9A19103F-16F7-4668-BE54-9A1E7A4F7556}") = "NeMoOnnxSharp", "NeMoOnnxSharp\NeMoOnnxSharp.csproj", "{D583F4A1-65A9-4BD2-91D5-8A24E0B325E0}"
EndProject
Project("{9A19103F-16F7-4668-BE54-9A1E7A4F7556}") = "NeMoOnnxSharp.Tests", "NeMoOnnxSharp.Tests\NeMoOnnxSharp.Tests.csproj", "{5126DAA8-6FFD-4B0A-8F85-9C98DCF64152}"
EndProject
Project("{FAE04EC0-301F-11D3-BF4B-00C04F79EFBC}") = "NeMoOnnxSharp.Program", "NeMoOnnxSharp.Program\NeMoOnnxSharp.Program.csproj", "{52E3A920-29D9-4E9E-AAE4-EC6A77A6A08D}"
EndProject
Global
	GlobalSection(SolutionConfigurationPlatforms) = preSolution
		Debug|Any CPU = Debug|Any CPU
		Release|Any CPU = Release|Any CPU
	EndGlobalSection
	GlobalSection(ProjectConfigurationPlatforms) = postSolution
		{D583F4A1-65A9-4BD2-91D5-8A24E0B325E0}.Debug|Any CPU.ActiveCfg = Debug|Any CPU
		{D583F4A1-65A9-4BD2-91D5-8A24E0B325E0}.Debug|Any CPU.Build.0 = Debug|Any CPU
		{D583F4A1-65A9-4BD2-91D5-8A24E0B325E0}.Release|Any CPU.ActiveCfg = Release|Any CPU
		{D583F4A1-65A9-4BD2-91D5-8A24E0B325E0}.Release|Any CPU.Build.0 = Release|Any CPU
		{5126DAA8-6FFD-4B0A-8F85-9C98DCF64152}.Debug|Any CPU.ActiveCfg = Debug|Any CPU
		{5126DAA8-6FFD-4B0A-8F85-9C98DCF64152}.Debug|Any CPU.Build.0 = Debug|Any CPU
		{5126DAA8-6FFD-4B0A-8F85-9C98DCF64152}.Release|Any CPU.ActiveCfg = Release|Any CPU
		{5126DAA8-6FFD-4B0A-8F85-9C98DCF64152}.Release|Any CPU.Build.0 = Release|Any CPU
		{52E3A920-29D9-4E9E-AAE4-EC6A77A6A08D}.Debug|Any CPU.ActiveCfg = Debug|Any CPU
		{52E3A920-29D9-4E9E-AAE4-EC6A77A6A08D}.Debug|Any CPU.Build.0 = Debug|Any CPU
		{52E3A920-29D9-4E9E-AAE4-EC6A77A6A08D}.Release|Any CPU.ActiveCfg = Release|Any CPU
		{52E3A920-29D9-4E9E-AAE4-EC6A77A6A08D}.Release|Any CPU.Build.0 = Release|Any CPU
	EndGlobalSection
	GlobalSection(SolutionProperties) = preSolution
		HideSolutionNode = FALSE
	EndGlobalSection
	GlobalSection(ExtensibilityGlobals) = postSolution
		SolutionGuid = {E1B7E2B0-48B8-4C5A-9DEE-02037FFE0EA9}
	EndGlobalSection
EndGlobal
