
Microsoft Visual Studio Solution File, Format Version 12.00
# Visual Studio Version 17
VisualStudioVersion = 17.0.32014.148
MinimumVisualStudioVersion = 10.0.40219.1
Project("{9A19103F-16F7-4668-BE54-9A1E7A4F7556}") = "NeMoOnnxSharp.Example", "NeMoOnnxSharp.Example\NeMoOnnxSharp.Example.csproj", "{D583F4A1-65A9-4BD2-91D5-8A24E0B325E0}"
EndProject
Project("{FAE04EC0-301F-11D3-BF4B-00C04F79EFBC}") = "NeMoOnnxSharp", "NeMoOnnxSharp\NeMoOnnxSharp.csproj", "{69A674F7-593C-48C4-A5C7-5BCBC205E281}"
EndProject
Global
	GlobalSection(SolutionConfigurationPlatforms) = preSolution
		Debug|Any CPU = Debug|Any CPU
		Release|Any CPU = Release|Any CPU
	EndGlobalSection
	GlobalSection(ProjectConfigurationPlatforms) = postSolution
		{D583F4A1-65A9-4BD2-91D5-8A24E0B325E0}.Debug|Any CPU.ActiveCfg = Debug|Any CPU
		{D583F4A1-65A9-4BD2-91D5-8A24E0B325E0}.Debug|Any CPU.Build.0 = Debug|Any CPU
		{D583F4A1-65A9-4BD2-91D5-8A24E0B325E0}.Release|Any CPU.ActiveCfg = Release|Any CPU
		{D583F4A1-65A9-4BD2-91D5-8A24E0B325E0}.Release|Any CPU.Build.0 = Release|Any CPU
		{69A674F7-593C-48C4-A5C7-5BCBC205E281}.Debug|Any CPU.ActiveCfg = Debug|Any CPU
		{69A674F7-593C-48C4-A5C7-5BCBC205E281}.Debug|Any CPU.Build.0 = Debug|Any CPU
		{69A674F7-593C-48C4-A5C7-5BCBC205E281}.Release|Any CPU.ActiveCfg = Release|Any CPU
		{69A674F7-593C-48C4-A5C7-5BCBC205E281}.Release|Any CPU.Build.0 = Release|Any CPU
	EndGlobalSection
	GlobalSection(SolutionProperties) = preSolution
		HideSolutionNode = FALSE
	EndGlobalSection
	GlobalSection(ExtensibilityGlobals) = postSolution
		SolutionGuid = {E1B7E2B0-48B8-4C5A-9DEE-02037FFE0EA9}
	EndGlobalSection
EndGlobal
